
Microsoft Visual Studio Solution File, Format Version 12.00
# Visual Studio Version 16
VisualStudioVersion = 16.0.29230.47
MinimumVisualStudioVersion = 15.0.26124.0
Project("{9A19103F-16F7-4668-BE54-9A1E7A4F7556}") = "ContractManager.Domain", "src\ContractManager.Domain\ContractManager.Domain.csproj", "{767B176B-E542-434D-B11F-072A7B4AC920}"
EndProject
Project("{9A19103F-16F7-4668-BE54-9A1E7A4F7556}") = "ContractManager.UnitTests", "tests\ContractManager.UnitTests\ContractManager.UnitTests.csproj", "{1ECDD396-4A00-442B-980B-D41227A41625}"
EndProject
Project("{9A19103F-16F7-4668-BE54-9A1E7A4F7556}") = "ContractManager.Data", "src\ContractManager.Data\ContractManager.Data.csproj", "{EDF033E5-ECE7-4444-B625-61B437F787BD}"
EndProject
Project("{9A19103F-16F7-4668-BE54-9A1E7A4F7556}") = "ContractManager.Web", "src\ContractManager.Web\ContractManager.Web.csproj", "{D2BCAC60-B79F-43D3-BD4C-98D981EC77DB}"
EndProject
Project("{FAE04EC0-301F-11D3-BF4B-00C04F79EFBC}") = "ContractManager.IoC", "src\ContractManager.IoC\ContractManager.IoC.csproj", "{C1B90500-052F-4567-942E-E581BC4E367A}"
EndProject
Global
	GlobalSection(SolutionConfigurationPlatforms) = preSolution
		Debug|Any CPU = Debug|Any CPU
		Debug|x64 = Debug|x64
		Debug|x86 = Debug|x86
		Release|Any CPU = Release|Any CPU
		Release|x64 = Release|x64
		Release|x86 = Release|x86
	EndGlobalSection
	GlobalSection(ProjectConfigurationPlatforms) = postSolution
		{767B176B-E542-434D-B11F-072A7B4AC920}.Debug|Any CPU.ActiveCfg = Debug|Any CPU
		{767B176B-E542-434D-B11F-072A7B4AC920}.Debug|Any CPU.Build.0 = Debug|Any CPU
		{767B176B-E542-434D-B11F-072A7B4AC920}.Debug|x64.ActiveCfg = Debug|Any CPU
		{767B176B-E542-434D-B11F-072A7B4AC920}.Debug|x64.Build.0 = Debug|Any CPU
		{767B176B-E542-434D-B11F-072A7B4AC920}.Debug|x86.ActiveCfg = Debug|Any CPU
		{767B176B-E542-434D-B11F-072A7B4AC920}.Debug|x86.Build.0 = Debug|Any CPU
		{767B176B-E542-434D-B11F-072A7B4AC920}.Release|Any CPU.ActiveCfg = Release|Any CPU
		{767B176B-E542-434D-B11F-072A7B4AC920}.Release|Any CPU.Build.0 = Release|Any CPU
		{767B176B-E542-434D-B11F-072A7B4AC920}.Release|x64.ActiveCfg = Release|Any CPU
		{767B176B-E542-434D-B11F-072A7B4AC920}.Release|x64.Build.0 = Release|Any CPU
		{767B176B-E542-434D-B11F-072A7B4AC920}.Release|x86.ActiveCfg = Release|Any CPU
		{767B176B-E542-434D-B11F-072A7B4AC920}.Release|x86.Build.0 = Release|Any CPU
		{1ECDD396-4A00-442B-980B-D41227A41625}.Debug|Any CPU.ActiveCfg = Debug|Any CPU
		{1ECDD396-4A00-442B-980B-D41227A41625}.Debug|Any CPU.Build.0 = Debug|Any CPU
		{1ECDD396-4A00-442B-980B-D41227A41625}.Debug|x64.ActiveCfg = Debug|Any CPU
		{1ECDD396-4A00-442B-980B-D41227A41625}.Debug|x64.Build.0 = Debug|Any CPU
		{1ECDD396-4A00-442B-980B-D41227A41625}.Debug|x86.ActiveCfg = Debug|Any CPU
		{1ECDD396-4A00-442B-980B-D41227A41625}.Debug|x86.Build.0 = Debug|Any CPU
		{1ECDD396-4A00-442B-980B-D41227A41625}.Release|Any CPU.ActiveCfg = Release|Any CPU
		{1ECDD396-4A00-442B-980B-D41227A41625}.Release|Any CPU.Build.0 = Release|Any CPU
		{1ECDD396-4A00-442B-980B-D41227A41625}.Release|x64.ActiveCfg = Release|Any CPU
		{1ECDD396-4A00-442B-980B-D41227A41625}.Release|x64.Build.0 = Release|Any CPU
		{1ECDD396-4A00-442B-980B-D41227A41625}.Release|x86.ActiveCfg = Release|Any CPU
		{1ECDD396-4A00-442B-980B-D41227A41625}.Release|x86.Build.0 = Release|Any CPU
		{EDF033E5-ECE7-4444-B625-61B437F787BD}.Debug|Any CPU.ActiveCfg = Debug|Any CPU
		{EDF033E5-ECE7-4444-B625-61B437F787BD}.Debug|Any CPU.Build.0 = Debug|Any CPU
		{EDF033E5-ECE7-4444-B625-61B437F787BD}.Debug|x64.ActiveCfg = Debug|Any CPU
		{EDF033E5-ECE7-4444-B625-61B437F787BD}.Debug|x64.Build.0 = Debug|Any CPU
		{EDF033E5-ECE7-4444-B625-61B437F787BD}.Debug|x86.ActiveCfg = Debug|Any CPU
		{EDF033E5-ECE7-4444-B625-61B437F787BD}.Debug|x86.Build.0 = Debug|Any CPU
		{EDF033E5-ECE7-4444-B625-61B437F787BD}.Release|Any CPU.ActiveCfg = Release|Any CPU
		{EDF033E5-ECE7-4444-B625-61B437F787BD}.Release|Any CPU.Build.0 = Release|Any CPU
		{EDF033E5-ECE7-4444-B625-61B437F787BD}.Release|x64.ActiveCfg = Release|Any CPU
		{EDF033E5-ECE7-4444-B625-61B437F787BD}.Release|x64.Build.0 = Release|Any CPU
		{EDF033E5-ECE7-4444-B625-61B437F787BD}.Release|x86.ActiveCfg = Release|Any CPU
		{EDF033E5-ECE7-4444-B625-61B437F787BD}.Release|x86.Build.0 = Release|Any CPU
		{D2BCAC60-B79F-43D3-BD4C-98D981EC77DB}.Debug|Any CPU.ActiveCfg = Debug|Any CPU
		{D2BCAC60-B79F-43D3-BD4C-98D981EC77DB}.Debug|Any CPU.Build.0 = Debug|Any CPU
		{D2BCAC60-B79F-43D3-BD4C-98D981EC77DB}.Debug|x64.ActiveCfg = Debug|Any CPU
		{D2BCAC60-B79F-43D3-BD4C-98D981EC77DB}.Debug|x64.Build.0 = Debug|Any CPU
		{D2BCAC60-B79F-43D3-BD4C-98D981EC77DB}.Debug|x86.ActiveCfg = Debug|Any CPU
		{D2BCAC60-B79F-43D3-BD4C-98D981EC77DB}.Debug|x86.Build.0 = Debug|Any CPU
		{D2BCAC60-B79F-43D3-BD4C-98D981EC77DB}.Release|Any CPU.ActiveCfg = Release|Any CPU
		{D2BCAC60-B79F-43D3-BD4C-98D981EC77DB}.Release|Any CPU.Build.0 = Release|Any CPU
		{D2BCAC60-B79F-43D3-BD4C-98D981EC77DB}.Release|x64.ActiveCfg = Release|Any CPU
		{D2BCAC60-B79F-43D3-BD4C-98D981EC77DB}.Release|x64.Build.0 = Release|Any CPU
		{D2BCAC60-B79F-43D3-BD4C-98D981EC77DB}.Release|x86.ActiveCfg = Release|Any CPU
		{D2BCAC60-B79F-43D3-BD4C-98D981EC77DB}.Release|x86.Build.0 = Release|Any CPU
		{C1B90500-052F-4567-942E-E581BC4E367A}.Debug|Any CPU.ActiveCfg = Debug|Any CPU
		{C1B90500-052F-4567-942E-E581BC4E367A}.Debug|Any CPU.Build.0 = Debug|Any CPU
		{C1B90500-052F-4567-942E-E581BC4E367A}.Debug|x64.ActiveCfg = Debug|Any CPU
		{C1B90500-052F-4567-942E-E581BC4E367A}.Debug|x64.Build.0 = Debug|Any CPU
		{C1B90500-052F-4567-942E-E581BC4E367A}.Debug|x86.ActiveCfg = Debug|Any CPU
		{C1B90500-052F-4567-942E-E581BC4E367A}.Debug|x86.Build.0 = Debug|Any CPU
		{C1B90500-052F-4567-942E-E581BC4E367A}.Release|Any CPU.ActiveCfg = Release|Any CPU
		{C1B90500-052F-4567-942E-E581BC4E367A}.Release|Any CPU.Build.0 = Release|Any CPU
		{C1B90500-052F-4567-942E-E581BC4E367A}.Release|x64.ActiveCfg = Release|Any CPU
		{C1B90500-052F-4567-942E-E581BC4E367A}.Release|x64.Build.0 = Release|Any CPU
		{C1B90500-052F-4567-942E-E581BC4E367A}.Release|x86.ActiveCfg = Release|Any CPU
		{C1B90500-052F-4567-942E-E581BC4E367A}.Release|x86.Build.0 = Release|Any CPU
	EndGlobalSection
	GlobalSection(SolutionProperties) = preSolution
		HideSolutionNode = FALSE
	EndGlobalSection
	GlobalSection(ExtensibilityGlobals) = postSolution
		SolutionGuid = {4D7C5135-EC4B-45C8-AE34-ED3A3426C267}
	EndGlobalSection
EndGlobal
